
Microsoft Visual Studio Solution File, Format Version 12.00
# Visual Studio 15
VisualStudioVersion = 15.0.26124.0
MinimumVisualStudioVersion = 15.0.26124.0
Project("{F2A71F9B-5D33-465A-A702-920D77279786}") = "dal", "dal\dal.fsproj", "{4C7CDB31-AFD1-45F2-B00C-2B45E7F5CCAA}"
EndProject
Project("{F2A71F9B-5D33-465A-A702-920D77279786}") = "api", "api\api.fsproj", "{1BB34CA1-90FC-4361-A20C-B03E7D6A1CE6}"
EndProject
Global
	GlobalSection(SolutionConfigurationPlatforms) = preSolution
		Debug|Any CPU = Debug|Any CPU
		Debug|x64 = Debug|x64
		Debug|x86 = Debug|x86
		Release|Any CPU = Release|Any CPU
		Release|x64 = Release|x64
		Release|x86 = Release|x86
	EndGlobalSection
	GlobalSection(SolutionProperties) = preSolution
		HideSolutionNode = FALSE
	EndGlobalSection
	GlobalSection(ProjectConfigurationPlatforms) = postSolution
		{4C7CDB31-AFD1-45F2-B00C-2B45E7F5CCAA}.Debug|Any CPU.ActiveCfg = Debug|Any CPU
		{4C7CDB31-AFD1-45F2-B00C-2B45E7F5CCAA}.Debug|Any CPU.Build.0 = Debug|Any CPU
		{4C7CDB31-AFD1-45F2-B00C-2B45E7F5CCAA}.Debug|x64.ActiveCfg = Debug|Any CPU
		{4C7CDB31-AFD1-45F2-B00C-2B45E7F5CCAA}.Debug|x64.Build.0 = Debug|Any CPU
		{4C7CDB31-AFD1-45F2-B00C-2B45E7F5CCAA}.Debug|x86.ActiveCfg = Debug|Any CPU
		{4C7CDB31-AFD1-45F2-B00C-2B45E7F5CCAA}.Debug|x86.Build.0 = Debug|Any CPU
		{4C7CDB31-AFD1-45F2-B00C-2B45E7F5CCAA}.Release|Any CPU.ActiveCfg = Release|Any CPU
		{4C7CDB31-AFD1-45F2-B00C-2B45E7F5CCAA}.Release|Any CPU.Build.0 = Release|Any CPU
		{4C7CDB31-AFD1-45F2-B00C-2B45E7F5CCAA}.Release|x64.ActiveCfg = Release|Any CPU
		{4C7CDB31-AFD1-45F2-B00C-2B45E7F5CCAA}.Release|x64.Build.0 = Release|Any CPU
		{4C7CDB31-AFD1-45F2-B00C-2B45E7F5CCAA}.Release|x86.ActiveCfg = Release|Any CPU
		{4C7CDB31-AFD1-45F2-B00C-2B45E7F5CCAA}.Release|x86.Build.0 = Release|Any CPU
		{1BB34CA1-90FC-4361-A20C-B03E7D6A1CE6}.Debug|Any CPU.ActiveCfg = Debug|Any CPU
		{1BB34CA1-90FC-4361-A20C-B03E7D6A1CE6}.Debug|Any CPU.Build.0 = Debug|Any CPU
		{1BB34CA1-90FC-4361-A20C-B03E7D6A1CE6}.Debug|x64.ActiveCfg = Debug|Any CPU
		{1BB34CA1-90FC-4361-A20C-B03E7D6A1CE6}.Debug|x64.Build.0 = Debug|Any CPU
		{1BB34CA1-90FC-4361-A20C-B03E7D6A1CE6}.Debug|x86.ActiveCfg = Debug|Any CPU
		{1BB34CA1-90FC-4361-A20C-B03E7D6A1CE6}.Debug|x86.Build.0 = Debug|Any CPU
		{1BB34CA1-90FC-4361-A20C-B03E7D6A1CE6}.Release|Any CPU.ActiveCfg = Release|Any CPU
		{1BB34CA1-90FC-4361-A20C-B03E7D6A1CE6}.Release|Any CPU.Build.0 = Release|Any CPU
		{1BB34CA1-90FC-4361-A20C-B03E7D6A1CE6}.Release|x64.ActiveCfg = Release|Any CPU
		{1BB34CA1-90FC-4361-A20C-B03E7D6A1CE6}.Release|x64.Build.0 = Release|Any CPU
		{1BB34CA1-90FC-4361-A20C-B03E7D6A1CE6}.Release|x86.ActiveCfg = Release|Any CPU
		{1BB34CA1-90FC-4361-A20C-B03E7D6A1CE6}.Release|x86.Build.0 = Release|Any CPU
	EndGlobalSection
EndGlobal
